// !$*UTF8*$!
{
	archiveVersion = 1;
	classes = {
	};
	objectVersion = 52;
	objects = {

/* Begin PBXBuildFile section */
		1205880224F50EAA00F441DD /* Main.storyboard in Resources */ = {isa = PBXBuildFile; fileRef = 1205880024F50EAA00F441DD /* Main.storyboard */; };
		1205880624F50F5100F441DD /* WunschView.storyboard in Resources */ = {isa = PBXBuildFile; fileRef = 1205880824F50F5100F441DD /* WunschView.storyboard */; };
		1205880C24F50F6500F441DD /* GekauftView.storyboard in Resources */ = {isa = PBXBuildFile; fileRef = 1205880E24F50F6500F441DD /* GekauftView.storyboard */; };
		1205881224F50F8400F441DD /* SammlungView.storyboard in Resources */ = {isa = PBXBuildFile; fileRef = 1205881424F50F8400F441DD /* SammlungView.storyboard */; };
		1205881824F50FA300F441DD /* AnimeView.storyboard in Resources */ = {isa = PBXBuildFile; fileRef = 1205881A24F50FA300F441DD /* AnimeView.storyboard */; };
		1205881E24F50FC000F441DD /* ErinnerungView.storyboard in Resources */ = {isa = PBXBuildFile; fileRef = 1205882024F50FC000F441DD /* ErinnerungView.storyboard */; };
		1205882424F50FD800F441DD /* Settings.storyboard in Resources */ = {isa = PBXBuildFile; fileRef = 1205882624F50FD800F441DD /* Settings.storyboard */; };
		120CC32223745F2500B7DAFB /* GekauftAddView.swift in Sources */ = {isa = PBXBuildFile; fileRef = 120CC32123745F2500B7DAFB /* GekauftAddView.swift */; };
		121B67C12382D3CD00EEBB0F /* ErinnerungManager.swift in Sources */ = {isa = PBXBuildFile; fileRef = 121B67C02382D3CD00EEBB0F /* ErinnerungManager.swift */; };
		121B67C32382D66800EEBB0F /* ErinnerungAddView.swift in Sources */ = {isa = PBXBuildFile; fileRef = 121B67C22382D66800EEBB0F /* ErinnerungAddView.swift */; };
		121B67C72382DB8100EEBB0F /* UserNotifications.framework in Frameworks */ = {isa = PBXBuildFile; fileRef = 121B67C62382DB8100EEBB0F /* UserNotifications.framework */; };
		121B67C92382DB8700EEBB0F /* WebKit.framework in Frameworks */ = {isa = PBXBuildFile; fileRef = 121B67C82382DB8700EEBB0F /* WebKit.framework */; };
		121B67CB2382EAB100EEBB0F /* SettingsWebView.swift in Sources */ = {isa = PBXBuildFile; fileRef = 121B67CA2382EAB100EEBB0F /* SettingsWebView.swift */; };
		121E7DBC23701EB0007BEF31 /* GekauftView.swift in Sources */ = {isa = PBXBuildFile; fileRef = 121E7DBB23701EB0007BEF31 /* GekauftView.swift */; };
		1226841F237D7D680024981B /* SammlungManager.swift in Sources */ = {isa = PBXBuildFile; fileRef = 1226841E237D7D680024981B /* SammlungManager.swift */; };
		122EEBD92506727800301943 /* StoreKit.framework in Frameworks */ = {isa = PBXBuildFile; fileRef = 122EEBD82506727800301943 /* StoreKit.framework */; };
		122EEBDB250672A900301943 /* DonationManager.swift in Sources */ = {isa = PBXBuildFile; fileRef = 122EEBDA250672A900301943 /* DonationManager.swift */; };
		123093DE24EBD82100DF6D57 /* CoverColor.swift in Sources */ = {isa = PBXBuildFile; fileRef = 123093DD24EBD82100DF6D57 /* CoverColor.swift */; };
		1231676E25075FC50021E1DF /* LaunchScreen.storyboard in Resources */ = {isa = PBXBuildFile; fileRef = 1231676A25075FC40021E1DF /* LaunchScreen.storyboard */; };
		12374CF524E885F000AB1135 /* SammlungBookView.swift in Sources */ = {isa = PBXBuildFile; fileRef = 12374CF424E885F000AB1135 /* SammlungBookView.swift */; };
		12412CCD25262C0B001BDC68 /* ExpandedTabBar in Frameworks */ = {isa = PBXBuildFile; productRef = 12412CCC25262C0B001BDC68 /* ExpandedTabBar */; };
		12412CD42526388F001BDC68 /* AnimeManager.swift in Sources */ = {isa = PBXBuildFile; fileRef = 12412CD32526388F001BDC68 /* AnimeManager.swift */; };
		12412CD8252638BD001BDC68 /* AnimeAddView.swift in Sources */ = {isa = PBXBuildFile; fileRef = 12412CD7252638BD001BDC68 /* AnimeAddView.swift */; };
		12412CE9252638FC001BDC68 /* ContactsManager.swift in Sources */ = {isa = PBXBuildFile; fileRef = 12412CE1252638FC001BDC68 /* ContactsManager.swift */; };
		12412CEB252638FC001BDC68 /* ContactsView.swift in Sources */ = {isa = PBXBuildFile; fileRef = 12412CE5252638FC001BDC68 /* ContactsView.swift */; };
		12412CEC252638FC001BDC68 /* ContactsAddView.swift in Sources */ = {isa = PBXBuildFile; fileRef = 12412CE6252638FC001BDC68 /* ContactsAddView.swift */; };
		12412CF7252639A8001BDC68 /* ContactsView.storyboard in Resources */ = {isa = PBXBuildFile; fileRef = 12412CF5252639A8001BDC68 /* ContactsView.storyboard */; };
		124D0DB623829FA300DD41E0 /* GekauftManager.swift in Sources */ = {isa = PBXBuildFile; fileRef = 124D0DB523829FA300DD41E0 /* GekauftManager.swift */; };
		124D0DBB2382A48000DD41E0 /* .swiftlint.yml in Resources */ = {isa = PBXBuildFile; fileRef = 124D0DBA2382A48000DD41E0 /* .swiftlint.yml */; };
		124D0DBE2382D0C800DD41E0 /* Erinnerung.swift in Sources */ = {isa = PBXBuildFile; fileRef = 124D0DBD2382D0C800DD41E0 /* Erinnerung.swift */; };
		1251437A23744CC300C3CC7F /* Book.swift in Sources */ = {isa = PBXBuildFile; fileRef = 1251437923744CC300C3CC7F /* Book.swift */; };
		125E24EF23702CD100EAFCF2 /* WunschView.swift in Sources */ = {isa = PBXBuildFile; fileRef = 125E24EE23702CD100EAFCF2 /* WunschView.swift */; };
		125E24F123702D2F00EAFCF2 /* ErinnerungView.swift in Sources */ = {isa = PBXBuildFile; fileRef = 125E24F023702D2F00EAFCF2 /* ErinnerungView.swift */; };
		125E2501237030E200EAFCF2 /* SingleUserDefaultsStore.swift in Sources */ = {isa = PBXBuildFile; fileRef = 125E24F4237030E200EAFCF2 /* SingleUserDefaultsStore.swift */; };
		125E2502237030E200EAFCF2 /* UserDefaultsStore.swift in Sources */ = {isa = PBXBuildFile; fileRef = 125E24F5237030E200EAFCF2 /* UserDefaultsStore.swift */; };
		125E2503237030E200EAFCF2 /* KeychainError.swift in Sources */ = {isa = PBXBuildFile; fileRef = 125E24F8237030E200EAFCF2 /* KeychainError.swift */; };
		125E2504237030E200EAFCF2 /* KeychainAccessibilityOption.swift in Sources */ = {isa = PBXBuildFile; fileRef = 125E24F9237030E200EAFCF2 /* KeychainAccessibilityOption.swift */; };
		125E2505237030E200EAFCF2 /* SingleKeychainStore.swift in Sources */ = {isa = PBXBuildFile; fileRef = 125E24FA237030E200EAFCF2 /* SingleKeychainStore.swift */; };
		125E2506237030E200EAFCF2 /* Identifiable.swift in Sources */ = {isa = PBXBuildFile; fileRef = 125E24FB237030E200EAFCF2 /* Identifiable.swift */; };
		125E2507237030E200EAFCF2 /* Expiration.swift in Sources */ = {isa = PBXBuildFile; fileRef = 125E24FD237030E200EAFCF2 /* Expiration.swift */; };
		125E2508237030E200EAFCF2 /* FilesStore.swift in Sources */ = {isa = PBXBuildFile; fileRef = 125E24FE237030E200EAFCF2 /* FilesStore.swift */; };
		125E2509237030E200EAFCF2 /* SingleFileStore.swift in Sources */ = {isa = PBXBuildFile; fileRef = 125E24FF237030E200EAFCF2 /* SingleFileStore.swift */; };
		125E250D237031EA00EAFCF2 /* Manga.swift in Sources */ = {isa = PBXBuildFile; fileRef = 125E250C237031EA00EAFCF2 /* Manga.swift */; };
		125E25102370430400EAFCF2 /* IQKeyboardManagerSwift in Frameworks */ = {isa = PBXBuildFile; productRef = 125E250F2370430400EAFCF2 /* IQKeyboardManagerSwift */; };
		1260899324EBBA7E0076E3D8 /* Localizable.strings in Resources */ = {isa = PBXBuildFile; fileRef = 1260899524EBBA7E0076E3D8 /* Localizable.strings */; };
		1260899824EBBD980076E3D8 /* Constants.swift in Sources */ = {isa = PBXBuildFile; fileRef = 1260899724EBBD980076E3D8 /* Constants.swift */; };
		12633CAB23B100F100AEBF64 /* Impressum.html in Resources */ = {isa = PBXBuildFile; fileRef = 12633CAA23B100F100AEBF64 /* Impressum.html */; };
		12633CAD23B1010200AEBF64 /* Datenschutz.html in Resources */ = {isa = PBXBuildFile; fileRef = 12633CAC23B1010200AEBF64 /* Datenschutz.html */; };
		12633CAF23B1011200AEBF64 /* Lizenzen.html in Resources */ = {isa = PBXBuildFile; fileRef = 12633CAE23B1011200AEBF64 /* Lizenzen.html */; };
		12633CB123B1011A00AEBF64 /* Änderungen.html in Resources */ = {isa = PBXBuildFile; fileRef = 12633CB023B1011A00AEBF64 /* Änderungen.html */; };
		126A3BE623719D7B001CBA17 /* NavigationController.swift in Sources */ = {isa = PBXBuildFile; fileRef = 126A3BE523719D7B001CBA17 /* NavigationController.swift */; };
		126A3BE823719E24001CBA17 /* TabBarController.swift in Sources */ = {isa = PBXBuildFile; fileRef = 126A3BE723719E24001CBA17 /* TabBarController.swift */; };
		126A3BEA23719EB0001CBA17 /* SammlungDetailView.swift in Sources */ = {isa = PBXBuildFile; fileRef = 126A3BE923719EB0001CBA17 /* SammlungDetailView.swift */; };
		12771999236E2FA0001BF906 /* AppDelegate.swift in Sources */ = {isa = PBXBuildFile; fileRef = 12771998236E2FA0001BF906 /* AppDelegate.swift */; };
		127719A2236E2FA1001BF906 /* Assets.xcassets in Resources */ = {isa = PBXBuildFile; fileRef = 127719A1236E2FA1001BF906 /* Assets.xcassets */; };
		127719B2236E36C7001BF906 /* SammlungRowView.swift in Sources */ = {isa = PBXBuildFile; fileRef = 127719B1236E36C7001BF906 /* SammlungRowView.swift */; };
		127719B4236EC641001BF906 /* SammlungAddView.swift in Sources */ = {isa = PBXBuildFile; fileRef = 127719B3236EC641001BF906 /* SammlungAddView.swift */; };
		12A6BE23250A9B38004B5236 /* WidgetKit.framework in Frameworks */ = {isa = PBXBuildFile; fileRef = 12A6BE22250A9B38004B5236 /* WidgetKit.framework */; };
		12A6BE25250A9B38004B5236 /* SwiftUI.framework in Frameworks */ = {isa = PBXBuildFile; fileRef = 12A6BE24250A9B38004B5236 /* SwiftUI.framework */; };
		12A6BE28250A9B38004B5236 /* Widgets.swift in Sources */ = {isa = PBXBuildFile; fileRef = 12A6BE27250A9B38004B5236 /* Widgets.swift */; };
		12A6BE2A250A9B38004B5236 /* Assets.xcassets in Resources */ = {isa = PBXBuildFile; fileRef = 12A6BE29250A9B38004B5236 /* Assets.xcassets */; };
		12A6BE2E250A9B38004B5236 /* WidgetsExtension.appex in Embed App Extensions */ = {isa = PBXBuildFile; fileRef = 12A6BE21250A9B38004B5236 /* WidgetsExtension.appex */; settings = {ATTRIBUTES = (RemoveHeadersOnCopy, ); }; };
		12A6BE34250B927F004B5236 /* ReminderWidget.swift in Sources */ = {isa = PBXBuildFile; fileRef = 12A6BE33250B927F004B5236 /* ReminderWidget.swift */; };
		12A6BE36250B9417004B5236 /* RandomWidget.swift in Sources */ = {isa = PBXBuildFile; fileRef = 12A6BE35250B9417004B5236 /* RandomWidget.swift */; };
		12B23BB324EAB3450037940B /* Anime.swift in Sources */ = {isa = PBXBuildFile; fileRef = 12B23BB224EAB3450037940B /* Anime.swift */; };
		12BBB88A24E90563007EE6F5 /* AlertManager.swift in Sources */ = {isa = PBXBuildFile; fileRef = 12BBB88924E90563007EE6F5 /* AlertManager.swift */; };
		12BBB88C24E950E6007EE6F5 /* Verlag.swift in Sources */ = {isa = PBXBuildFile; fileRef = 12BBB88B24E950E6007EE6F5 /* Verlag.swift */; };
		12CE27DF24E9893F00292044 /* SammlungCompactView.swift in Sources */ = {isa = PBXBuildFile; fileRef = 12CE27DE24E9893F00292044 /* SammlungCompactView.swift */; };
		12CE27E424E9A3BB00292044 /* AnimeView.swift in Sources */ = {isa = PBXBuildFile; fileRef = 12CE27E324E9A3BB00292044 /* AnimeView.swift */; };
		12CF0A2B237091CD004A23E9 /* SettingsView.swift in Sources */ = {isa = PBXBuildFile; fileRef = 12CF0A2A237091CD004A23E9 /* SettingsView.swift */; };
		12DA8BBE2582BAC6009C1DA2 /* SnowView.swift in Sources */ = {isa = PBXBuildFile; fileRef = 12DA8BBD2582BAC6009C1DA2 /* SnowView.swift */; };
		12E3836F24E889B000B58BD8 /* Dark@3x.png in Resources */ = {isa = PBXBuildFile; fileRef = 12E3836D24E889B000B58BD8 /* Dark@3x.png */; };
		12E3837024E889B000B58BD8 /* Dark@2.png in Resources */ = {isa = PBXBuildFile; fileRef = 12E3836E24E889B000B58BD8 /* Dark@2.png */; };
		12E3837324E893E300B58BD8 /* Sheeeeeeeeet in Frameworks */ = {isa = PBXBuildFile; productRef = 12E3837224E893E300B58BD8 /* Sheeeeeeeeet */; };
		12E5F9312529016A00FC516B /* Contact.swift in Sources */ = {isa = PBXBuildFile; fileRef = 12E5F9302529016A00FC516B /* Contact.swift */; };
		12E85CF524D22E0400F0C71E /* GekauftSelectView.swift in Sources */ = {isa = PBXBuildFile; fileRef = 12E85CF424D22E0400F0C71E /* GekauftSelectView.swift */; };
		12F25AFF237577EB0093D39D /* Extensions.swift in Sources */ = {isa = PBXBuildFile; fileRef = 12F25AFE237577EB0093D39D /* Extensions.swift */; };
		12F33253238573A5005EE38D /* WunschManager.swift in Sources */ = {isa = PBXBuildFile; fileRef = 12F33252238573A5005EE38D /* WunschManager.swift */; };
		12F332552385748A005EE38D /* Wunsch.swift in Sources */ = {isa = PBXBuildFile; fileRef = 12F332542385748A005EE38D /* Wunsch.swift */; };
		12F3325923869015005EE38D /* WunschAddView.swift in Sources */ = {isa = PBXBuildFile; fileRef = 12F3325823869015005EE38D /* WunschAddView.swift */; };
/* End PBXBuildFile section */

/* Begin PBXContainerItemProxy section */
		12A6BE2C250A9B38004B5236 /* PBXContainerItemProxy */ = {
			isa = PBXContainerItemProxy;
			containerPortal = 1277198D236E2FA0001BF906 /* Project object */;
			proxyType = 1;
			remoteGlobalIDString = 12A6BE20250A9B38004B5236;
			remoteInfo = WidgetsExtension;
		};
/* End PBXContainerItemProxy section */

/* Begin PBXCopyFilesBuildPhase section */
		12A6BE2F250A9B38004B5236 /* Embed App Extensions */ = {
			isa = PBXCopyFilesBuildPhase;
			buildActionMask = 2147483647;
			dstPath = "";
			dstSubfolderSpec = 13;
			files = (
				12A6BE2E250A9B38004B5236 /* WidgetsExtension.appex in Embed App Extensions */,
			);
			name = "Embed App Extensions";
			runOnlyForDeploymentPostprocessing = 0;
		};
/* End PBXCopyFilesBuildPhase section */

/* Begin PBXFileReference section */
		1205880124F50EAA00F441DD /* Base */ = {isa = PBXFileReference; lastKnownFileType = file.storyboard; name = Base; path = Base.lproj/Main.storyboard; sourceTree = "<group>"; };
		1205880324F50EB600F441DD /* de */ = {isa = PBXFileReference; lastKnownFileType = text.plist.strings; name = de; path = de.lproj/Main.strings; sourceTree = "<group>"; };
		1205880724F50F5100F441DD /* Base */ = {isa = PBXFileReference; lastKnownFileType = file.storyboard; name = Base; path = Base.lproj/WunschView.storyboard; sourceTree = "<group>"; };
		1205880924F50F5500F441DD /* de */ = {isa = PBXFileReference; lastKnownFileType = text.plist.strings; name = de; path = de.lproj/WunschView.strings; sourceTree = "<group>"; };
		1205880D24F50F6500F441DD /* Base */ = {isa = PBXFileReference; lastKnownFileType = file.storyboard; name = Base; path = Base.lproj/GekauftView.storyboard; sourceTree = "<group>"; };
		1205880F24F50F6A00F441DD /* de */ = {isa = PBXFileReference; lastKnownFileType = text.plist.strings; name = de; path = de.lproj/GekauftView.strings; sourceTree = "<group>"; };
		1205881324F50F8400F441DD /* Base */ = {isa = PBXFileReference; lastKnownFileType = file.storyboard; name = Base; path = Base.lproj/SammlungView.storyboard; sourceTree = "<group>"; };
		1205881524F50F8800F441DD /* de */ = {isa = PBXFileReference; lastKnownFileType = text.plist.strings; name = de; path = de.lproj/SammlungView.strings; sourceTree = "<group>"; };
		1205881924F50FA300F441DD /* Base */ = {isa = PBXFileReference; lastKnownFileType = file.storyboard; name = Base; path = Base.lproj/AnimeView.storyboard; sourceTree = "<group>"; };
		1205881B24F50FA700F441DD /* de */ = {isa = PBXFileReference; lastKnownFileType = text.plist.strings; name = de; path = de.lproj/AnimeView.strings; sourceTree = "<group>"; };
		1205881F24F50FC000F441DD /* Base */ = {isa = PBXFileReference; lastKnownFileType = file.storyboard; name = Base; path = Base.lproj/ErinnerungView.storyboard; sourceTree = "<group>"; };
		1205882124F50FC400F441DD /* de */ = {isa = PBXFileReference; lastKnownFileType = text.plist.strings; name = de; path = de.lproj/ErinnerungView.strings; sourceTree = "<group>"; };
		1205882524F50FD800F441DD /* Base */ = {isa = PBXFileReference; lastKnownFileType = file.storyboard; name = Base; path = Base.lproj/Settings.storyboard; sourceTree = "<group>"; };
		1205882724F50FDC00F441DD /* de */ = {isa = PBXFileReference; lastKnownFileType = text.plist.strings; name = de; path = de.lproj/Settings.strings; sourceTree = "<group>"; };
		120CC32123745F2500B7DAFB /* GekauftAddView.swift */ = {isa = PBXFileReference; lastKnownFileType = sourcecode.swift; path = GekauftAddView.swift; sourceTree = "<group>"; };
		121B67C02382D3CD00EEBB0F /* ErinnerungManager.swift */ = {isa = PBXFileReference; lastKnownFileType = sourcecode.swift; path = ErinnerungManager.swift; sourceTree = "<group>"; };
		121B67C22382D66800EEBB0F /* ErinnerungAddView.swift */ = {isa = PBXFileReference; lastKnownFileType = sourcecode.swift; path = ErinnerungAddView.swift; sourceTree = "<group>"; };
		121B67C42382DB6600EEBB0F /* KorekushonX.entitlements */ = {isa = PBXFileReference; lastKnownFileType = text.plist.entitlements; path = KorekushonX.entitlements; sourceTree = "<group>"; };
		121B67C62382DB8100EEBB0F /* UserNotifications.framework */ = {isa = PBXFileReference; lastKnownFileType = wrapper.framework; name = UserNotifications.framework; path = System/Library/Frameworks/UserNotifications.framework; sourceTree = SDKROOT; };
		121B67C82382DB8700EEBB0F /* WebKit.framework */ = {isa = PBXFileReference; lastKnownFileType = wrapper.framework; name = WebKit.framework; path = System/Library/Frameworks/WebKit.framework; sourceTree = SDKROOT; };
		121B67CA2382EAB100EEBB0F /* SettingsWebView.swift */ = {isa = PBXFileReference; lastKnownFileType = sourcecode.swift; path = SettingsWebView.swift; sourceTree = "<group>"; };
		121E7DBB23701EB0007BEF31 /* GekauftView.swift */ = {isa = PBXFileReference; fileEncoding = 4; lastKnownFileType = sourcecode.swift; path = GekauftView.swift; sourceTree = "<group>"; };
		1226841E237D7D680024981B /* SammlungManager.swift */ = {isa = PBXFileReference; lastKnownFileType = sourcecode.swift; path = SammlungManager.swift; sourceTree = "<group>"; };
		1228B2EC2508C60400EFF72A /* de */ = {isa = PBXFileReference; lastKnownFileType = text.plist.xml; name = de; path = de.lproj/Info.plist; sourceTree = "<group>"; };
		1228B2ED2508C60400EFF72A /* en */ = {isa = PBXFileReference; lastKnownFileType = text.plist.xml; name = en; path = en.lproj/Info.plist; sourceTree = "<group>"; };
		122EEBD82506727800301943 /* StoreKit.framework */ = {isa = PBXFileReference; lastKnownFileType = wrapper.framework; name = StoreKit.framework; path = System/Library/Frameworks/StoreKit.framework; sourceTree = SDKROOT; };
		122EEBDA250672A900301943 /* DonationManager.swift */ = {isa = PBXFileReference; lastKnownFileType = sourcecode.swift; path = DonationManager.swift; sourceTree = "<group>"; };
		123093DD24EBD82100DF6D57 /* CoverColor.swift */ = {isa = PBXFileReference; lastKnownFileType = sourcecode.swift; path = CoverColor.swift; sourceTree = "<group>"; };
		1231676925075FC40021E1DF /* Base */ = {isa = PBXFileReference; lastKnownFileType = text.plist.strings; name = Base; path = Base.lproj/Localizable.strings; sourceTree = "<group>"; };
		1231676B25075FC40021E1DF /* Base */ = {isa = PBXFileReference; lastKnownFileType = file.storyboard; name = Base; path = Base.lproj/LaunchScreen.storyboard; sourceTree = "<group>"; };
		1231677125075FD50021E1DF /* de */ = {isa = PBXFileReference; lastKnownFileType = text.plist.strings; name = de; path = de.lproj/LaunchScreen.strings; sourceTree = "<group>"; };
		12316774250760E90021E1DF /* en */ = {isa = PBXFileReference; lastKnownFileType = text.plist.strings; name = en; path = en.lproj/Main.strings; sourceTree = "<group>"; };
		12316775250760E90021E1DF /* en */ = {isa = PBXFileReference; lastKnownFileType = text.plist.strings; name = en; path = en.lproj/LaunchScreen.strings; sourceTree = "<group>"; };
		12316778250760EB0021E1DF /* en */ = {isa = PBXFileReference; lastKnownFileType = text.plist.strings; name = en; path = en.lproj/AnimeView.strings; sourceTree = "<group>"; };
		12316779250760EB0021E1DF /* en */ = {isa = PBXFileReference; lastKnownFileType = text.plist.strings; name = en; path = en.lproj/SammlungView.strings; sourceTree = "<group>"; };
		1231677A250760EB0021E1DF /* en */ = {isa = PBXFileReference; lastKnownFileType = text.plist.strings; name = en; path = en.lproj/GekauftView.strings; sourceTree = "<group>"; };
		1231677B250760EB0021E1DF /* en */ = {isa = PBXFileReference; lastKnownFileType = text.plist.strings; name = en; path = en.lproj/WunschView.strings; sourceTree = "<group>"; };
		1231677C250760EB0021E1DF /* en */ = {isa = PBXFileReference; lastKnownFileType = text.plist.strings; name = en; path = en.lproj/ErinnerungView.strings; sourceTree = "<group>"; };
		1231677D250760EB0021E1DF /* en */ = {isa = PBXFileReference; lastKnownFileType = text.plist.strings; name = en; path = en.lproj/Settings.strings; sourceTree = "<group>"; };
		12316781250762400021E1DF /* de */ = {isa = PBXFileReference; lastKnownFileType = text.plist.strings; name = de; path = de.lproj/Localizable.strings; sourceTree = "<group>"; };
		12316782250762430021E1DF /* en */ = {isa = PBXFileReference; lastKnownFileType = text.plist.strings; name = en; path = en.lproj/Localizable.strings; sourceTree = "<group>"; };
		12374CF424E885F000AB1135 /* SammlungBookView.swift */ = {isa = PBXFileReference; fileEncoding = 4; lastKnownFileType = sourcecode.swift; path = SammlungBookView.swift; sourceTree = "<group>"; };
		12412CD32526388F001BDC68 /* AnimeManager.swift */ = {isa = PBXFileReference; fileEncoding = 4; lastKnownFileType = sourcecode.swift; path = AnimeManager.swift; sourceTree = "<group>"; };
		12412CD7252638BD001BDC68 /* AnimeAddView.swift */ = {isa = PBXFileReference; fileEncoding = 4; lastKnownFileType = sourcecode.swift; path = AnimeAddView.swift; sourceTree = "<group>"; };
		12412CE1252638FC001BDC68 /* ContactsManager.swift */ = {isa = PBXFileReference; fileEncoding = 4; lastKnownFileType = sourcecode.swift; path = ContactsManager.swift; sourceTree = "<group>"; };
		12412CE5252638FC001BDC68 /* ContactsView.swift */ = {isa = PBXFileReference; fileEncoding = 4; lastKnownFileType = sourcecode.swift; path = ContactsView.swift; sourceTree = "<group>"; };
		12412CE6252638FC001BDC68 /* ContactsAddView.swift */ = {isa = PBXFileReference; fileEncoding = 4; lastKnownFileType = sourcecode.swift; path = ContactsAddView.swift; sourceTree = "<group>"; };
		12412CF6252639A8001BDC68 /* Base */ = {isa = PBXFileReference; lastKnownFileType = file.storyboard; name = Base; path = Base.lproj/ContactsView.storyboard; sourceTree = "<group>"; };
		12412CFA252639B2001BDC68 /* de */ = {isa = PBXFileReference; lastKnownFileType = text.plist.strings; name = de; path = de.lproj/ContactsView.strings; sourceTree = "<group>"; };
		12412CFB252639B5001BDC68 /* en */ = {isa = PBXFileReference; lastKnownFileType = text.plist.strings; name = en; path = en.lproj/ContactsView.strings; sourceTree = "<group>"; };
		124D0DB523829FA300DD41E0 /* GekauftManager.swift */ = {isa = PBXFileReference; lastKnownFileType = sourcecode.swift; path = GekauftManager.swift; sourceTree = "<group>"; };
		124D0DBA2382A48000DD41E0 /* .swiftlint.yml */ = {isa = PBXFileReference; lastKnownFileType = text.yaml; path = .swiftlint.yml; sourceTree = "<group>"; };
		124D0DBD2382D0C800DD41E0 /* Erinnerung.swift */ = {isa = PBXFileReference; lastKnownFileType = sourcecode.swift; path = Erinnerung.swift; sourceTree = "<group>"; };
		1251437923744CC300C3CC7F /* Book.swift */ = {isa = PBXFileReference; fileEncoding = 4; lastKnownFileType = sourcecode.swift; path = Book.swift; sourceTree = "<group>"; };
		125E24EE23702CD100EAFCF2 /* WunschView.swift */ = {isa = PBXFileReference; fileEncoding = 4; lastKnownFileType = sourcecode.swift; name = WunschView.swift; path = KorekushonX/Views/Sammlung/WunschView.swift; sourceTree = SOURCE_ROOT; };
		125E24F023702D2F00EAFCF2 /* ErinnerungView.swift */ = {isa = PBXFileReference; fileEncoding = 4; lastKnownFileType = sourcecode.swift; name = ErinnerungView.swift; path = KorekushonX/Views/Wunschliste/ErinnerungView.swift; sourceTree = SOURCE_ROOT; };
		125E24F4237030E200EAFCF2 /* SingleUserDefaultsStore.swift */ = {isa = PBXFileReference; fileEncoding = 4; lastKnownFileType = sourcecode.swift; path = SingleUserDefaultsStore.swift; sourceTree = "<group>"; };
		125E24F5237030E200EAFCF2 /* UserDefaultsStore.swift */ = {isa = PBXFileReference; fileEncoding = 4; lastKnownFileType = sourcecode.swift; path = UserDefaultsStore.swift; sourceTree = "<group>"; };
		125E24F6237030E200EAFCF2 /* Persistence.h */ = {isa = PBXFileReference; fileEncoding = 4; lastKnownFileType = sourcecode.c.h; path = Persistence.h; sourceTree = "<group>"; };
		125E24F8237030E200EAFCF2 /* KeychainError.swift */ = {isa = PBXFileReference; fileEncoding = 4; lastKnownFileType = sourcecode.swift; path = KeychainError.swift; sourceTree = "<group>"; };
		125E24F9237030E200EAFCF2 /* KeychainAccessibilityOption.swift */ = {isa = PBXFileReference; fileEncoding = 4; lastKnownFileType = sourcecode.swift; path = KeychainAccessibilityOption.swift; sourceTree = "<group>"; };
		125E24FA237030E200EAFCF2 /* SingleKeychainStore.swift */ = {isa = PBXFileReference; fileEncoding = 4; lastKnownFileType = sourcecode.swift; path = SingleKeychainStore.swift; sourceTree = "<group>"; };
		125E24FB237030E200EAFCF2 /* Identifiable.swift */ = {isa = PBXFileReference; fileEncoding = 4; lastKnownFileType = sourcecode.swift; path = Identifiable.swift; sourceTree = "<group>"; };
		125E24FD237030E200EAFCF2 /* Expiration.swift */ = {isa = PBXFileReference; fileEncoding = 4; lastKnownFileType = sourcecode.swift; path = Expiration.swift; sourceTree = "<group>"; };
		125E24FE237030E200EAFCF2 /* FilesStore.swift */ = {isa = PBXFileReference; fileEncoding = 4; lastKnownFileType = sourcecode.swift; path = FilesStore.swift; sourceTree = "<group>"; };
		125E24FF237030E200EAFCF2 /* SingleFileStore.swift */ = {isa = PBXFileReference; fileEncoding = 4; lastKnownFileType = sourcecode.swift; path = SingleFileStore.swift; sourceTree = "<group>"; };
		125E250C237031EA00EAFCF2 /* Manga.swift */ = {isa = PBXFileReference; lastKnownFileType = sourcecode.swift; path = Manga.swift; sourceTree = "<group>"; };
		1260899724EBBD980076E3D8 /* Constants.swift */ = {isa = PBXFileReference; lastKnownFileType = sourcecode.swift; path = Constants.swift; sourceTree = "<group>"; };
		12633CAA23B100F100AEBF64 /* Impressum.html */ = {isa = PBXFileReference; lastKnownFileType = text.html; path = Impressum.html; sourceTree = "<group>"; };
		12633CAC23B1010200AEBF64 /* Datenschutz.html */ = {isa = PBXFileReference; fileEncoding = 4; lastKnownFileType = text.html; path = Datenschutz.html; sourceTree = "<group>"; };
		12633CAE23B1011200AEBF64 /* Lizenzen.html */ = {isa = PBXFileReference; fileEncoding = 4; lastKnownFileType = text.html; path = Lizenzen.html; sourceTree = "<group>"; };
		12633CB023B1011A00AEBF64 /* Änderungen.html */ = {isa = PBXFileReference; fileEncoding = 4; lastKnownFileType = text.html; path = "Änderungen.html"; sourceTree = "<group>"; };
		126A3BE523719D7B001CBA17 /* NavigationController.swift */ = {isa = PBXFileReference; lastKnownFileType = sourcecode.swift; path = NavigationController.swift; sourceTree = "<group>"; };
		126A3BE723719E24001CBA17 /* TabBarController.swift */ = {isa = PBXFileReference; lastKnownFileType = sourcecode.swift; path = TabBarController.swift; sourceTree = "<group>"; };
		126A3BE923719EB0001CBA17 /* SammlungDetailView.swift */ = {isa = PBXFileReference; lastKnownFileType = sourcecode.swift; path = SammlungDetailView.swift; sourceTree = "<group>"; };
		12771995236E2FA0001BF906 /* KorekushonX.app */ = {isa = PBXFileReference; explicitFileType = wrapper.application; includeInIndex = 0; path = KorekushonX.app; sourceTree = BUILT_PRODUCTS_DIR; };
		12771998236E2FA0001BF906 /* AppDelegate.swift */ = {isa = PBXFileReference; lastKnownFileType = sourcecode.swift; path = AppDelegate.swift; sourceTree = "<group>"; };
		127719A1236E2FA1001BF906 /* Assets.xcassets */ = {isa = PBXFileReference; lastKnownFileType = folder.assetcatalog; path = Assets.xcassets; sourceTree = "<group>"; };
		127719B1236E36C7001BF906 /* SammlungRowView.swift */ = {isa = PBXFileReference; lastKnownFileType = sourcecode.swift; path = SammlungRowView.swift; sourceTree = "<group>"; };
		127719B3236EC641001BF906 /* SammlungAddView.swift */ = {isa = PBXFileReference; lastKnownFileType = sourcecode.swift; path = SammlungAddView.swift; sourceTree = "<group>"; };
		12A6BE21250A9B38004B5236 /* WidgetsExtension.appex */ = {isa = PBXFileReference; explicitFileType = "wrapper.app-extension"; includeInIndex = 0; path = WidgetsExtension.appex; sourceTree = BUILT_PRODUCTS_DIR; };
		12A6BE22250A9B38004B5236 /* WidgetKit.framework */ = {isa = PBXFileReference; lastKnownFileType = wrapper.framework; name = WidgetKit.framework; path = System/Library/Frameworks/WidgetKit.framework; sourceTree = SDKROOT; };
		12A6BE24250A9B38004B5236 /* SwiftUI.framework */ = {isa = PBXFileReference; lastKnownFileType = wrapper.framework; name = SwiftUI.framework; path = System/Library/Frameworks/SwiftUI.framework; sourceTree = SDKROOT; };
		12A6BE27250A9B38004B5236 /* Widgets.swift */ = {isa = PBXFileReference; lastKnownFileType = sourcecode.swift; path = Widgets.swift; sourceTree = "<group>"; };
		12A6BE29250A9B38004B5236 /* Assets.xcassets */ = {isa = PBXFileReference; lastKnownFileType = folder.assetcatalog; path = Assets.xcassets; sourceTree = "<group>"; };
		12A6BE2B250A9B38004B5236 /* Info.plist */ = {isa = PBXFileReference; lastKnownFileType = text.plist.xml; path = Info.plist; sourceTree = "<group>"; };
		12A6BE33250B927F004B5236 /* ReminderWidget.swift */ = {isa = PBXFileReference; lastKnownFileType = sourcecode.swift; path = ReminderWidget.swift; sourceTree = "<group>"; };
		12A6BE35250B9417004B5236 /* RandomWidget.swift */ = {isa = PBXFileReference; fileEncoding = 4; lastKnownFileType = sourcecode.swift; path = RandomWidget.swift; sourceTree = "<group>"; };
		12B23BB224EAB3450037940B /* Anime.swift */ = {isa = PBXFileReference; lastKnownFileType = sourcecode.swift; path = Anime.swift; sourceTree = "<group>"; };
		12BBB88924E90563007EE6F5 /* AlertManager.swift */ = {isa = PBXFileReference; lastKnownFileType = sourcecode.swift; path = AlertManager.swift; sourceTree = "<group>"; };
		12BBB88B24E950E6007EE6F5 /* Verlag.swift */ = {isa = PBXFileReference; lastKnownFileType = sourcecode.swift; path = Verlag.swift; sourceTree = "<group>"; };
		12CE27DE24E9893F00292044 /* SammlungCompactView.swift */ = {isa = PBXFileReference; fileEncoding = 4; lastKnownFileType = sourcecode.swift; path = SammlungCompactView.swift; sourceTree = "<group>"; };
		12CE27E324E9A3BB00292044 /* AnimeView.swift */ = {isa = PBXFileReference; lastKnownFileType = sourcecode.swift; path = AnimeView.swift; sourceTree = "<group>"; };
		12CF0A2A237091CD004A23E9 /* SettingsView.swift */ = {isa = PBXFileReference; lastKnownFileType = sourcecode.swift; path = SettingsView.swift; sourceTree = "<group>"; };
		12DA8BBD2582BAC6009C1DA2 /* SnowView.swift */ = {isa = PBXFileReference; lastKnownFileType = sourcecode.swift; path = SnowView.swift; sourceTree = "<group>"; };
		12E3836D24E889B000B58BD8 /* Dark@3x.png */ = {isa = PBXFileReference; lastKnownFileType = image.png; path = "Dark@3x.png"; sourceTree = "<group>"; };
		12E3836E24E889B000B58BD8 /* Dark@2.png */ = {isa = PBXFileReference; lastKnownFileType = image.png; path = "Dark@2.png"; sourceTree = "<group>"; };
		12E5F9302529016A00FC516B /* Contact.swift */ = {isa = PBXFileReference; fileEncoding = 4; lastKnownFileType = sourcecode.swift; path = Contact.swift; sourceTree = "<group>"; };
		12E85CF424D22E0400F0C71E /* GekauftSelectView.swift */ = {isa = PBXFileReference; lastKnownFileType = sourcecode.swift; path = GekauftSelectView.swift; sourceTree = "<group>"; };
		12F25AFE237577EB0093D39D /* Extensions.swift */ = {isa = PBXFileReference; lastKnownFileType = sourcecode.swift; path = Extensions.swift; sourceTree = "<group>"; };
		12F33252238573A5005EE38D /* WunschManager.swift */ = {isa = PBXFileReference; fileEncoding = 4; lastKnownFileType = sourcecode.swift; path = WunschManager.swift; sourceTree = "<group>"; };
		12F332542385748A005EE38D /* Wunsch.swift */ = {isa = PBXFileReference; fileEncoding = 4; lastKnownFileType = sourcecode.swift; path = Wunsch.swift; sourceTree = "<group>"; };
		12F3325823869015005EE38D /* WunschAddView.swift */ = {isa = PBXFileReference; fileEncoding = 4; lastKnownFileType = sourcecode.swift; path = WunschAddView.swift; sourceTree = "<group>"; };
/* End PBXFileReference section */

/* Begin PBXFrameworksBuildPhase section */
		12771992236E2FA0001BF906 /* Frameworks */ = {
			isa = PBXFrameworksBuildPhase;
			buildActionMask = 2147483647;
			files = (
				12E3837324E893E300B58BD8 /* Sheeeeeeeeet in Frameworks */,
				12412CCD25262C0B001BDC68 /* ExpandedTabBar in Frameworks */,
				121B67C72382DB8100EEBB0F /* UserNotifications.framework in Frameworks */,
				122EEBD92506727800301943 /* StoreKit.framework in Frameworks */,
				125E25102370430400EAFCF2 /* IQKeyboardManagerSwift in Frameworks */,
				121B67C92382DB8700EEBB0F /* WebKit.framework in Frameworks */,
			);
			runOnlyForDeploymentPostprocessing = 0;
		};
		12A6BE1E250A9B38004B5236 /* Frameworks */ = {
			isa = PBXFrameworksBuildPhase;
			buildActionMask = 2147483647;
			files = (
				12A6BE25250A9B38004B5236 /* SwiftUI.framework in Frameworks */,
				12A6BE23250A9B38004B5236 /* WidgetKit.framework in Frameworks */,
			);
			runOnlyForDeploymentPostprocessing = 0;
		};
/* End PBXFrameworksBuildPhase section */

/* Begin PBXGroup section */
		121B67C52382DB8100EEBB0F /* Frameworks */ = {
			isa = PBXGroup;
			children = (
				122EEBD82506727800301943 /* StoreKit.framework */,
				121B67C82382DB8700EEBB0F /* WebKit.framework */,
				121B67C62382DB8100EEBB0F /* UserNotifications.framework */,
				12A6BE22250A9B38004B5236 /* WidgetKit.framework */,
				12A6BE24250A9B38004B5236 /* SwiftUI.framework */,
			);
			name = Frameworks;
			sourceTree = "<group>";
		};
		121E7DB823701C43007BEF31 /* Gekauft */ = {
			isa = PBXGroup;
			children = (
				1205880E24F50F6500F441DD /* GekauftView.storyboard */,
				124D0DB523829FA300DD41E0 /* GekauftManager.swift */,
				121E7DBB23701EB0007BEF31 /* GekauftView.swift */,
				120CC32123745F2500B7DAFB /* GekauftAddView.swift */,
				12E85CF424D22E0400F0C71E /* GekauftSelectView.swift */,
			);
			path = Gekauft;
			sourceTree = "<group>";
		};
		121E7DBD23702092007BEF31 /* Settings */ = {
			isa = PBXGroup;
			children = (
				12633CA923B100DC00AEBF64 /* Files */,
				1205882624F50FD800F441DD /* Settings.storyboard */,
				122EEBDA250672A900301943 /* DonationManager.swift */,
				121B67CA2382EAB100EEBB0F /* SettingsWebView.swift */,
				12CF0A2A237091CD004A23E9 /* SettingsView.swift */,
			);
			path = Settings;
			sourceTree = "<group>";
		};
		12412CD22526383B001BDC68 /* Contacts */ = {
			isa = PBXGroup;
			children = (
				12412CF5252639A8001BDC68 /* ContactsView.storyboard */,
				12412CE6252638FC001BDC68 /* ContactsAddView.swift */,
				12412CE1252638FC001BDC68 /* ContactsManager.swift */,
				12412CE5252638FC001BDC68 /* ContactsView.swift */,
			);
			path = Contacts;
			sourceTree = "<group>";
		};
		125E24E823702B3B00EAFCF2 /* Wunschliste */ = {
			isa = PBXGroup;
			children = (
				1205880824F50F5100F441DD /* WunschView.storyboard */,
				12F33252238573A5005EE38D /* WunschManager.swift */,
				125E24EE23702CD100EAFCF2 /* WunschView.swift */,
				12F3325823869015005EE38D /* WunschAddView.swift */,
			);
			path = Wunschliste;
			sourceTree = "<group>";
		};
		125E24E923702B4100EAFCF2 /* Erinnerung */ = {
			isa = PBXGroup;
			children = (
				1205882024F50FC000F441DD /* ErinnerungView.storyboard */,
				121B67C02382D3CD00EEBB0F /* ErinnerungManager.swift */,
				125E24F023702D2F00EAFCF2 /* ErinnerungView.swift */,
				121B67C22382D66800EEBB0F /* ErinnerungAddView.swift */,
			);
			path = Erinnerung;
			sourceTree = "<group>";
		};
		125E24F2237030E200EAFCF2 /* PersistenceKit */ = {
			isa = PBXGroup;
			children = (
				125E24FC237030E200EAFCF2 /* Files */,
				125E24F3237030E200EAFCF2 /* UserDefaults */,
				125E24F6237030E200EAFCF2 /* Persistence.h */,
				125E24FB237030E200EAFCF2 /* Identifiable.swift */,
			);
			path = PersistenceKit;
			sourceTree = "<group>";
		};
		125E24F3237030E200EAFCF2 /* UserDefaults */ = {
			isa = PBXGroup;
			children = (
				125E24F4237030E200EAFCF2 /* SingleUserDefaultsStore.swift */,
				125E24F5237030E200EAFCF2 /* UserDefaultsStore.swift */,
			);
			path = UserDefaults;
			sourceTree = "<group>";
		};
		125E24F7237030E200EAFCF2 /* Keychain */ = {
			isa = PBXGroup;
			children = (
				125E24F8237030E200EAFCF2 /* KeychainError.swift */,
				125E24F9237030E200EAFCF2 /* KeychainAccessibilityOption.swift */,
				125E24FA237030E200EAFCF2 /* SingleKeychainStore.swift */,
			);
			path = Keychain;
			sourceTree = "<group>";
		};
		125E24FC237030E200EAFCF2 /* Files */ = {
			isa = PBXGroup;
			children = (
				125E24F7237030E200EAFCF2 /* Keychain */,
				125E24FD237030E200EAFCF2 /* Expiration.swift */,
				125E24FE237030E200EAFCF2 /* FilesStore.swift */,
				125E24FF237030E200EAFCF2 /* SingleFileStore.swift */,
			);
			path = Files;
			sourceTree = "<group>";
		};
		125E250B237031D600EAFCF2 /* Model */ = {
			isa = PBXGroup;
			children = (
				12B23BB224EAB3450037940B /* Anime.swift */,
				12E5F9302529016A00FC516B /* Contact.swift */,
				125E250C237031EA00EAFCF2 /* Manga.swift */,
				12F332542385748A005EE38D /* Wunsch.swift */,
				1251437923744CC300C3CC7F /* Book.swift */,
				124D0DBD2382D0C800DD41E0 /* Erinnerung.swift */,
				12BBB88B24E950E6007EE6F5 /* Verlag.swift */,
			);
			path = Model;
			sourceTree = "<group>";
		};
		12633CA923B100DC00AEBF64 /* Files */ = {
			isa = PBXGroup;
			children = (
				12633CAA23B100F100AEBF64 /* Impressum.html */,
				12633CAE23B1011200AEBF64 /* Lizenzen.html */,
				12633CB023B1011A00AEBF64 /* Änderungen.html */,
				12633CAC23B1010200AEBF64 /* Datenschutz.html */,
			);
			path = Files;
			sourceTree = "<group>";
		};
		126A3BE423719D6A001CBA17 /* Extensions */ = {
			isa = PBXGroup;
			children = (
				126A3BE523719D7B001CBA17 /* NavigationController.swift */,
				126A3BE723719E24001CBA17 /* TabBarController.swift */,
				12F25AFE237577EB0093D39D /* Extensions.swift */,
				12BBB88924E90563007EE6F5 /* AlertManager.swift */,
				123093DD24EBD82100DF6D57 /* CoverColor.swift */,
			);
			path = Extensions;
			sourceTree = "<group>";
		};
		1277198C236E2FA0001BF906 = {
			isa = PBXGroup;
			children = (
				124D0DBA2382A48000DD41E0 /* .swiftlint.yml */,
				12771997236E2FA0001BF906 /* KorekushonX */,
				12A6BE26250A9B38004B5236 /* Widgets */,
				12771996236E2FA0001BF906 /* Products */,
				121B67C52382DB8100EEBB0F /* Frameworks */,
			);
			sourceTree = "<group>";
		};
		12771996236E2FA0001BF906 /* Products */ = {
			isa = PBXGroup;
			children = (
				12771995236E2FA0001BF906 /* KorekushonX.app */,
				12A6BE21250A9B38004B5236 /* WidgetsExtension.appex */,
			);
			name = Products;
			sourceTree = "<group>";
		};
		12771997236E2FA0001BF906 /* KorekushonX */ = {
			isa = PBXGroup;
			children = (
				121B67C42382DB6600EEBB0F /* KorekushonX.entitlements */,
				125E250B237031D600EAFCF2 /* Model */,
				127719AC236E300F001BF906 /* App */,
				127719AD236E31C6001BF906 /* Views */,
				125E24F2237030E200EAFCF2 /* PersistenceKit */,
			);
			path = KorekushonX;
			sourceTree = "<group>";
		};
		127719AC236E300F001BF906 /* App */ = {
			isa = PBXGroup;
			children = (
				1228B2EB2508C5FF00EFF72A /* Info.plist */,
				12E3836E24E889B000B58BD8 /* Dark@2.png */,
				12E3836D24E889B000B58BD8 /* Dark@3x.png */,
				127719A1236E2FA1001BF906 /* Assets.xcassets */,
				12771998236E2FA0001BF906 /* AppDelegate.swift */,
				1205880024F50EAA00F441DD /* Main.storyboard */,
				1231676A25075FC40021E1DF /* LaunchScreen.storyboard */,
				1260899524EBBA7E0076E3D8 /* Localizable.strings */,
				1260899724EBBD980076E3D8 /* Constants.swift */,
				12DA8BBD2582BAC6009C1DA2 /* SnowView.swift */,
			);
			path = App;
			sourceTree = "<group>";
		};
		127719AD236E31C6001BF906 /* Views */ = {
			isa = PBXGroup;
			children = (
				12412CD22526383B001BDC68 /* Contacts */,
				12CE27E024E9905200292044 /* Animes */,
				126A3BE423719D6A001CBA17 /* Extensions */,
				127719AE236E31D3001BF906 /* Sammlung */,
				121E7DB823701C43007BEF31 /* Gekauft */,
				125E24E823702B3B00EAFCF2 /* Wunschliste */,
				125E24E923702B4100EAFCF2 /* Erinnerung */,
				121E7DBD23702092007BEF31 /* Settings */,
			);
			path = Views;
			sourceTree = "<group>";
		};
		127719AE236E31D3001BF906 /* Sammlung */ = {
			isa = PBXGroup;
			children = (
				1205881424F50F8400F441DD /* SammlungView.storyboard */,
				1226841E237D7D680024981B /* SammlungManager.swift */,
				127719B1236E36C7001BF906 /* SammlungRowView.swift */,
				12374CF424E885F000AB1135 /* SammlungBookView.swift */,
				12CE27DE24E9893F00292044 /* SammlungCompactView.swift */,
				127719B3236EC641001BF906 /* SammlungAddView.swift */,
				126A3BE923719EB0001CBA17 /* SammlungDetailView.swift */,
			);
			path = Sammlung;
			sourceTree = "<group>";
		};
		12A6BE26250A9B38004B5236 /* Widgets */ = {
			isa = PBXGroup;
			children = (
				12A6BE2B250A9B38004B5236 /* Info.plist */,
				12A6BE29250A9B38004B5236 /* Assets.xcassets */,
				12A6BE27250A9B38004B5236 /* Widgets.swift */,
				12A6BE33250B927F004B5236 /* ReminderWidget.swift */,
				12A6BE35250B9417004B5236 /* RandomWidget.swift */,
			);
			path = Widgets;
			sourceTree = "<group>";
		};
		12CE27E024E9905200292044 /* Animes */ = {
			isa = PBXGroup;
			children = (
				1205881A24F50FA300F441DD /* AnimeView.storyboard */,
				12412CD7252638BD001BDC68 /* AnimeAddView.swift */,
				12412CD32526388F001BDC68 /* AnimeManager.swift */,
				12CE27E324E9A3BB00292044 /* AnimeView.swift */,
			);
			path = Animes;
			sourceTree = "<group>";
		};
/* End PBXGroup section */

/* Begin PBXNativeTarget section */
		12771994236E2FA0001BF906 /* KorekushonX */ = {
			isa = PBXNativeTarget;
			buildConfigurationList = 127719A9236E2FA1001BF906 /* Build configuration list for PBXNativeTarget "KorekushonX" */;
			buildPhases = (
				12771991236E2FA0001BF906 /* Sources */,
				12771992236E2FA0001BF906 /* Frameworks */,
				124D0DBC2382A4F500DD41E0 /* ShellScript */,
				12771993236E2FA0001BF906 /* Resources */,
				12A6BE2F250A9B38004B5236 /* Embed App Extensions */,
			);
			buildRules = (
			);
			dependencies = (
				12A6BE2D250A9B38004B5236 /* PBXTargetDependency */,
			);
			name = KorekushonX;
			packageProductDependencies = (
				125E250F2370430400EAFCF2 /* IQKeyboardManagerSwift */,
				12E3837224E893E300B58BD8 /* Sheeeeeeeeet */,
				12412CCC25262C0B001BDC68 /* ExpandedTabBar */,
			);
			productName = KorekushonX;
			productReference = 12771995236E2FA0001BF906 /* KorekushonX.app */;
			productType = "com.apple.product-type.application";
		};
		12A6BE20250A9B38004B5236 /* WidgetsExtension */ = {
			isa = PBXNativeTarget;
			buildConfigurationList = 12A6BE32250A9B38004B5236 /* Build configuration list for PBXNativeTarget "WidgetsExtension" */;
			buildPhases = (
				12A6BE1D250A9B38004B5236 /* Sources */,
				12A6BE1E250A9B38004B5236 /* Frameworks */,
				12A6BE1F250A9B38004B5236 /* Resources */,
			);
			buildRules = (
			);
			dependencies = (
			);
			name = WidgetsExtension;
			productName = WidgetsExtension;
			productReference = 12A6BE21250A9B38004B5236 /* WidgetsExtension.appex */;
			productType = "com.apple.product-type.app-extension";
		};
/* End PBXNativeTarget section */

/* Begin PBXProject section */
		1277198D236E2FA0001BF906 /* Project object */ = {
			isa = PBXProject;
			attributes = {
				LastSwiftUpdateCheck = 1200;
				LastUpgradeCheck = 1220;
				ORGANIZATIONNAME = DeltaSiege;
				TargetAttributes = {
					12771994236E2FA0001BF906 = {
						CreatedOnToolsVersion = 11.2;
					};
					12A6BE20250A9B38004B5236 = {
						CreatedOnToolsVersion = 12.0;
					};
				};
			};
			buildConfigurationList = 12771990236E2FA0001BF906 /* Build configuration list for PBXProject "KorekushonX" */;
			compatibilityVersion = "Xcode 9.3";
			developmentRegion = de;
			hasScannedForEncodings = 0;
			knownRegions = (
				de,
				Base,
				en,
			);
			mainGroup = 1277198C236E2FA0001BF906;
			packageReferences = (
				125E250E2370430400EAFCF2 /* XCRemoteSwiftPackageReference "IQKeyboardManager" */,
				12E3837124E893E300B58BD8 /* XCRemoteSwiftPackageReference "Sheeeeeeeeet" */,
				12412CCB25262C0B001BDC68 /* XCRemoteSwiftPackageReference "ExpandedTabBar" */,
			);
			productRefGroup = 12771996236E2FA0001BF906 /* Products */;
			projectDirPath = "";
			projectRoot = "";
			targets = (
				12771994236E2FA0001BF906 /* KorekushonX */,
				12A6BE20250A9B38004B5236 /* WidgetsExtension */,
			);
		};
/* End PBXProject section */

/* Begin PBXResourcesBuildPhase section */
		12771993236E2FA0001BF906 /* Resources */ = {
			isa = PBXResourcesBuildPhase;
			buildActionMask = 2147483647;
			files = (
				12412CF7252639A8001BDC68 /* ContactsView.storyboard in Resources */,
				1205880C24F50F6500F441DD /* GekauftView.storyboard in Resources */,
				1205882424F50FD800F441DD /* Settings.storyboard in Resources */,
				124D0DBB2382A48000DD41E0 /* .swiftlint.yml in Resources */,
				1205881224F50F8400F441DD /* SammlungView.storyboard in Resources */,
				12E3837024E889B000B58BD8 /* Dark@2.png in Resources */,
				1205880624F50F5100F441DD /* WunschView.storyboard in Resources */,
				1205880224F50EAA00F441DD /* Main.storyboard in Resources */,
				12633CAF23B1011200AEBF64 /* Lizenzen.html in Resources */,
				1231676E25075FC50021E1DF /* LaunchScreen.storyboard in Resources */,
				12633CAB23B100F100AEBF64 /* Impressum.html in Resources */,
				127719A2236E2FA1001BF906 /* Assets.xcassets in Resources */,
				12633CB123B1011A00AEBF64 /* Änderungen.html in Resources */,
				1260899324EBBA7E0076E3D8 /* Localizable.strings in Resources */,
				12633CAD23B1010200AEBF64 /* Datenschutz.html in Resources */,
				1205881E24F50FC000F441DD /* ErinnerungView.storyboard in Resources */,
				1205881824F50FA300F441DD /* AnimeView.storyboard in Resources */,
				12E3836F24E889B000B58BD8 /* Dark@3x.png in Resources */,
			);
			runOnlyForDeploymentPostprocessing = 0;
		};
		12A6BE1F250A9B38004B5236 /* Resources */ = {
			isa = PBXResourcesBuildPhase;
			buildActionMask = 2147483647;
			files = (
				12A6BE2A250A9B38004B5236 /* Assets.xcassets in Resources */,
			);
			runOnlyForDeploymentPostprocessing = 0;
		};
/* End PBXResourcesBuildPhase section */

/* Begin PBXShellScriptBuildPhase section */
		124D0DBC2382A4F500DD41E0 /* ShellScript */ = {
			isa = PBXShellScriptBuildPhase;
			buildActionMask = 2147483647;
			files = (
			);
			inputFileListPaths = (
			);
			inputPaths = (
			);
			outputFileListPaths = (
			);
			outputPaths = (
			);
			runOnlyForDeploymentPostprocessing = 0;
			shellPath = /bin/sh;
			shellScript = "if which swiftlint >/dev/null; then\n  swiftlint autocorrect\nelse\n  echo \"SwiftLint not installed\"\nfi\n";
		};
/* End PBXShellScriptBuildPhase section */

/* Begin PBXSourcesBuildPhase section */
		12771991236E2FA0001BF906 /* Sources */ = {
			isa = PBXSourcesBuildPhase;
			buildActionMask = 2147483647;
			files = (
				121E7DBC23701EB0007BEF31 /* GekauftView.swift in Sources */,
				12412CE9252638FC001BDC68 /* ContactsManager.swift in Sources */,
				125E2508237030E200EAFCF2 /* FilesStore.swift in Sources */,
				12412CD42526388F001BDC68 /* AnimeManager.swift in Sources */,
				12B23BB324EAB3450037940B /* Anime.swift in Sources */,
				121B67C12382D3CD00EEBB0F /* ErinnerungManager.swift in Sources */,
				124D0DBE2382D0C800DD41E0 /* Erinnerung.swift in Sources */,
				1251437A23744CC300C3CC7F /* Book.swift in Sources */,
				12F33253238573A5005EE38D /* WunschManager.swift in Sources */,
				12E85CF524D22E0400F0C71E /* GekauftSelectView.swift in Sources */,
				125E2506237030E200EAFCF2 /* Identifiable.swift in Sources */,
				127719B2236E36C7001BF906 /* SammlungRowView.swift in Sources */,
				125E24EF23702CD100EAFCF2 /* WunschView.swift in Sources */,
				12CF0A2B237091CD004A23E9 /* SettingsView.swift in Sources */,
				12F3325923869015005EE38D /* WunschAddView.swift in Sources */,
				12BBB88A24E90563007EE6F5 /* AlertManager.swift in Sources */,
				12F25AFF237577EB0093D39D /* Extensions.swift in Sources */,
				125E2507237030E200EAFCF2 /* Expiration.swift in Sources */,
				12771999236E2FA0001BF906 /* AppDelegate.swift in Sources */,
				12374CF524E885F000AB1135 /* SammlungBookView.swift in Sources */,
				125E24F123702D2F00EAFCF2 /* ErinnerungView.swift in Sources */,
				121B67CB2382EAB100EEBB0F /* SettingsWebView.swift in Sources */,
				125E2505237030E200EAFCF2 /* SingleKeychainStore.swift in Sources */,
				12DA8BBE2582BAC6009C1DA2 /* SnowView.swift in Sources */,
				12BBB88C24E950E6007EE6F5 /* Verlag.swift in Sources */,
				126A3BE823719E24001CBA17 /* TabBarController.swift in Sources */,
				1260899824EBBD980076E3D8 /* Constants.swift in Sources */,
				123093DE24EBD82100DF6D57 /* CoverColor.swift in Sources */,
				122EEBDB250672A900301943 /* DonationManager.swift in Sources */,
				120CC32223745F2500B7DAFB /* GekauftAddView.swift in Sources */,
				12412CEB252638FC001BDC68 /* ContactsView.swift in Sources */,
				125E2504237030E200EAFCF2 /* KeychainAccessibilityOption.swift in Sources */,
				1226841F237D7D680024981B /* SammlungManager.swift in Sources */,
				12F332552385748A005EE38D /* Wunsch.swift in Sources */,
				12412CD8252638BD001BDC68 /* AnimeAddView.swift in Sources */,
				124D0DB623829FA300DD41E0 /* GekauftManager.swift in Sources */,
				12412CEC252638FC001BDC68 /* ContactsAddView.swift in Sources */,
				12E5F9312529016A00FC516B /* Contact.swift in Sources */,
				12CE27E424E9A3BB00292044 /* AnimeView.swift in Sources */,
				125E250D237031EA00EAFCF2 /* Manga.swift in Sources */,
				126A3BEA23719EB0001CBA17 /* SammlungDetailView.swift in Sources */,
				125E2509237030E200EAFCF2 /* SingleFileStore.swift in Sources */,
				126A3BE623719D7B001CBA17 /* NavigationController.swift in Sources */,
				127719B4236EC641001BF906 /* SammlungAddView.swift in Sources */,
				125E2502237030E200EAFCF2 /* UserDefaultsStore.swift in Sources */,
				125E2503237030E200EAFCF2 /* KeychainError.swift in Sources */,
				125E2501237030E200EAFCF2 /* SingleUserDefaultsStore.swift in Sources */,
				12CE27DF24E9893F00292044 /* SammlungCompactView.swift in Sources */,
				121B67C32382D66800EEBB0F /* ErinnerungAddView.swift in Sources */,
			);
			runOnlyForDeploymentPostprocessing = 0;
		};
		12A6BE1D250A9B38004B5236 /* Sources */ = {
			isa = PBXSourcesBuildPhase;
			buildActionMask = 2147483647;
			files = (
				12A6BE36250B9417004B5236 /* RandomWidget.swift in Sources */,
				12A6BE28250A9B38004B5236 /* Widgets.swift in Sources */,
				12A6BE34250B927F004B5236 /* ReminderWidget.swift in Sources */,
			);
			runOnlyForDeploymentPostprocessing = 0;
		};
/* End PBXSourcesBuildPhase section */

/* Begin PBXTargetDependency section */
		12A6BE2D250A9B38004B5236 /* PBXTargetDependency */ = {
			isa = PBXTargetDependency;
			target = 12A6BE20250A9B38004B5236 /* WidgetsExtension */;
			targetProxy = 12A6BE2C250A9B38004B5236 /* PBXContainerItemProxy */;
		};
/* End PBXTargetDependency section */

/* Begin PBXVariantGroup section */
		1205880024F50EAA00F441DD /* Main.storyboard */ = {
			isa = PBXVariantGroup;
			children = (
				1205880124F50EAA00F441DD /* Base */,
				1205880324F50EB600F441DD /* de */,
				12316774250760E90021E1DF /* en */,
			);
			name = Main.storyboard;
			sourceTree = "<group>";
		};
		1205880824F50F5100F441DD /* WunschView.storyboard */ = {
			isa = PBXVariantGroup;
			children = (
				1205880724F50F5100F441DD /* Base */,
				1205880924F50F5500F441DD /* de */,
				1231677B250760EB0021E1DF /* en */,
			);
			name = WunschView.storyboard;
			sourceTree = "<group>";
		};
		1205880E24F50F6500F441DD /* GekauftView.storyboard */ = {
			isa = PBXVariantGroup;
			children = (
				1205880D24F50F6500F441DD /* Base */,
				1205880F24F50F6A00F441DD /* de */,
				1231677A250760EB0021E1DF /* en */,
			);
			name = GekauftView.storyboard;
			sourceTree = "<group>";
		};
		1205881424F50F8400F441DD /* SammlungView.storyboard */ = {
			isa = PBXVariantGroup;
			children = (
				1205881324F50F8400F441DD /* Base */,
				1205881524F50F8800F441DD /* de */,
				12316779250760EB0021E1DF /* en */,
			);
			name = SammlungView.storyboard;
			sourceTree = "<group>";
		};
		1205881A24F50FA300F441DD /* AnimeView.storyboard */ = {
			isa = PBXVariantGroup;
			children = (
				1205881924F50FA300F441DD /* Base */,
				1205881B24F50FA700F441DD /* de */,
				12316778250760EB0021E1DF /* en */,
			);
			name = AnimeView.storyboard;
			sourceTree = "<group>";
		};
		1205882024F50FC000F441DD /* ErinnerungView.storyboard */ = {
			isa = PBXVariantGroup;
			children = (
				1205881F24F50FC000F441DD /* Base */,
				1205882124F50FC400F441DD /* de */,
				1231677C250760EB0021E1DF /* en */,
			);
			name = ErinnerungView.storyboard;
			sourceTree = "<group>";
		};
		1205882624F50FD800F441DD /* Settings.storyboard */ = {
			isa = PBXVariantGroup;
			children = (
				1205882524F50FD800F441DD /* Base */,
				1205882724F50FDC00F441DD /* de */,
				1231677D250760EB0021E1DF /* en */,
			);
			name = Settings.storyboard;
			sourceTree = "<group>";
		};
		1228B2EB2508C5FF00EFF72A /* Info.plist */ = {
			isa = PBXVariantGroup;
			children = (
				1228B2EC2508C60400EFF72A /* de */,
				1228B2ED2508C60400EFF72A /* en */,
			);
			name = Info.plist;
			sourceTree = "<group>";
		};
		1231676A25075FC40021E1DF /* LaunchScreen.storyboard */ = {
			isa = PBXVariantGroup;
			children = (
				1231676B25075FC40021E1DF /* Base */,
				1231677125075FD50021E1DF /* de */,
				12316775250760E90021E1DF /* en */,
			);
			name = LaunchScreen.storyboard;
			sourceTree = "<group>";
		};
		12412CF5252639A8001BDC68 /* ContactsView.storyboard */ = {
			isa = PBXVariantGroup;
			children = (
				12412CF6252639A8001BDC68 /* Base */,
				12412CFA252639B2001BDC68 /* de */,
				12412CFB252639B5001BDC68 /* en */,
			);
			name = ContactsView.storyboard;
			sourceTree = "<group>";
		};
		1260899524EBBA7E0076E3D8 /* Localizable.strings */ = {
			isa = PBXVariantGroup;
			children = (
				1231676925075FC40021E1DF /* Base */,
				12316781250762400021E1DF /* de */,
				12316782250762430021E1DF /* en */,
			);
			name = Localizable.strings;
			sourceTree = "<group>";
		};
/* End PBXVariantGroup section */

/* Begin XCBuildConfiguration section */
		127719A7236E2FA1001BF906 /* Debug */ = {
			isa = XCBuildConfiguration;
			buildSettings = {
				ALWAYS_SEARCH_USER_PATHS = NO;
				CLANG_ANALYZER_LOCALIZABILITY_NONLOCALIZED = YES;
				CLANG_ANALYZER_NONNULL = YES;
				CLANG_ANALYZER_NUMBER_OBJECT_CONVERSION = YES_AGGRESSIVE;
				CLANG_CXX_LANGUAGE_STANDARD = "gnu++14";
				CLANG_CXX_LIBRARY = "libc++";
				CLANG_ENABLE_MODULES = YES;
				CLANG_ENABLE_OBJC_ARC = YES;
				CLANG_ENABLE_OBJC_WEAK = YES;
				CLANG_WARN_BLOCK_CAPTURE_AUTORELEASING = YES;
				CLANG_WARN_BOOL_CONVERSION = YES;
				CLANG_WARN_COMMA = YES;
				CLANG_WARN_CONSTANT_CONVERSION = YES;
				CLANG_WARN_DEPRECATED_OBJC_IMPLEMENTATIONS = YES;
				CLANG_WARN_DIRECT_OBJC_ISA_USAGE = YES_ERROR;
				CLANG_WARN_DOCUMENTATION_COMMENTS = YES;
				CLANG_WARN_EMPTY_BODY = YES;
				CLANG_WARN_ENUM_CONVERSION = YES;
				CLANG_WARN_INFINITE_RECURSION = YES;
				CLANG_WARN_INT_CONVERSION = YES;
				CLANG_WARN_NON_LITERAL_NULL_CONVERSION = YES;
				CLANG_WARN_OBJC_IMPLICIT_RETAIN_SELF = YES;
				CLANG_WARN_OBJC_LITERAL_CONVERSION = YES;
				CLANG_WARN_OBJC_ROOT_CLASS = YES_ERROR;
				CLANG_WARN_QUOTED_INCLUDE_IN_FRAMEWORK_HEADER = YES;
				CLANG_WARN_RANGE_LOOP_ANALYSIS = YES;
				CLANG_WARN_STRICT_PROTOTYPES = YES;
				CLANG_WARN_SUSPICIOUS_MOVE = YES;
				CLANG_WARN_UNGUARDED_AVAILABILITY = YES_AGGRESSIVE;
				CLANG_WARN_UNREACHABLE_CODE = YES;
				CLANG_WARN__DUPLICATE_METHOD_MATCH = YES;
				COPY_PHASE_STRIP = NO;
				DEBUG_INFORMATION_FORMAT = dwarf;
				ENABLE_STRICT_OBJC_MSGSEND = YES;
				ENABLE_TESTABILITY = YES;
				GCC_C_LANGUAGE_STANDARD = gnu11;
				GCC_DYNAMIC_NO_PIC = NO;
				GCC_NO_COMMON_BLOCKS = YES;
				GCC_OPTIMIZATION_LEVEL = 0;
				GCC_PREPROCESSOR_DEFINITIONS = (
					"DEBUG=1",
					"$(inherited)",
				);
				GCC_WARN_64_TO_32_BIT_CONVERSION = YES;
				GCC_WARN_ABOUT_RETURN_TYPE = YES_ERROR;
				GCC_WARN_UNDECLARED_SELECTOR = YES;
				GCC_WARN_UNINITIALIZED_AUTOS = YES_AGGRESSIVE;
				GCC_WARN_UNUSED_FUNCTION = YES;
				GCC_WARN_UNUSED_VARIABLE = YES;
				IPHONEOS_DEPLOYMENT_TARGET = 12.0;
				MTL_ENABLE_DEBUG_INFO = INCLUDE_SOURCE;
				MTL_FAST_MATH = YES;
				ONLY_ACTIVE_ARCH = YES;
				SDKROOT = iphoneos;
				SWIFT_ACTIVE_COMPILATION_CONDITIONS = DEBUG;
				SWIFT_OPTIMIZATION_LEVEL = "-Onone";
			};
			name = Debug;
		};
		127719A8236E2FA1001BF906 /* Release */ = {
			isa = XCBuildConfiguration;
			buildSettings = {
				ALWAYS_SEARCH_USER_PATHS = NO;
				CLANG_ANALYZER_LOCALIZABILITY_NONLOCALIZED = YES;
				CLANG_ANALYZER_NONNULL = YES;
				CLANG_ANALYZER_NUMBER_OBJECT_CONVERSION = YES_AGGRESSIVE;
				CLANG_CXX_LANGUAGE_STANDARD = "gnu++14";
				CLANG_CXX_LIBRARY = "libc++";
				CLANG_ENABLE_MODULES = YES;
				CLANG_ENABLE_OBJC_ARC = YES;
				CLANG_ENABLE_OBJC_WEAK = YES;
				CLANG_WARN_BLOCK_CAPTURE_AUTORELEASING = YES;
				CLANG_WARN_BOOL_CONVERSION = YES;
				CLANG_WARN_COMMA = YES;
				CLANG_WARN_CONSTANT_CONVERSION = YES;
				CLANG_WARN_DEPRECATED_OBJC_IMPLEMENTATIONS = YES;
				CLANG_WARN_DIRECT_OBJC_ISA_USAGE = YES_ERROR;
				CLANG_WARN_DOCUMENTATION_COMMENTS = YES;
				CLANG_WARN_EMPTY_BODY = YES;
				CLANG_WARN_ENUM_CONVERSION = YES;
				CLANG_WARN_INFINITE_RECURSION = YES;
				CLANG_WARN_INT_CONVERSION = YES;
				CLANG_WARN_NON_LITERAL_NULL_CONVERSION = YES;
				CLANG_WARN_OBJC_IMPLICIT_RETAIN_SELF = YES;
				CLANG_WARN_OBJC_LITERAL_CONVERSION = YES;
				CLANG_WARN_OBJC_ROOT_CLASS = YES_ERROR;
				CLANG_WARN_QUOTED_INCLUDE_IN_FRAMEWORK_HEADER = YES;
				CLANG_WARN_RANGE_LOOP_ANALYSIS = YES;
				CLANG_WARN_STRICT_PROTOTYPES = YES;
				CLANG_WARN_SUSPICIOUS_MOVE = YES;
				CLANG_WARN_UNGUARDED_AVAILABILITY = YES_AGGRESSIVE;
				CLANG_WARN_UNREACHABLE_CODE = YES;
				CLANG_WARN__DUPLICATE_METHOD_MATCH = YES;
				COPY_PHASE_STRIP = NO;
				DEBUG_INFORMATION_FORMAT = "dwarf-with-dsym";
				ENABLE_NS_ASSERTIONS = NO;
				ENABLE_STRICT_OBJC_MSGSEND = YES;
				GCC_C_LANGUAGE_STANDARD = gnu11;
				GCC_NO_COMMON_BLOCKS = YES;
				GCC_WARN_64_TO_32_BIT_CONVERSION = YES;
				GCC_WARN_ABOUT_RETURN_TYPE = YES_ERROR;
				GCC_WARN_UNDECLARED_SELECTOR = YES;
				GCC_WARN_UNINITIALIZED_AUTOS = YES_AGGRESSIVE;
				GCC_WARN_UNUSED_FUNCTION = YES;
				GCC_WARN_UNUSED_VARIABLE = YES;
				IPHONEOS_DEPLOYMENT_TARGET = 12.0;
				MTL_ENABLE_DEBUG_INFO = NO;
				MTL_FAST_MATH = YES;
				SDKROOT = iphoneos;
				SWIFT_COMPILATION_MODE = wholemodule;
				SWIFT_OPTIMIZATION_LEVEL = "-O";
				VALIDATE_PRODUCT = YES;
			};
			name = Release;
		};
		127719AA236E2FA1001BF906 /* Debug */ = {
			isa = XCBuildConfiguration;
			buildSettings = {
				ALWAYS_EMBED_SWIFT_STANDARD_LIBRARIES = YES;
				ASSETCATALOG_COMPILER_APPICON_NAME = AppIcon;
				CODE_SIGN_ENTITLEMENTS = KorekushonX/KorekushonX.entitlements;
				CODE_SIGN_STYLE = Automatic;
				CURRENT_PROJECT_VERSION = 68;
				DEVELOPMENT_TEAM = AXLC3PQNC8;
				INFOPLIST_FILE = KorekushonX/App/Info.plist;
				IPHONEOS_DEPLOYMENT_TARGET = 12.0;
				LD_RUNPATH_SEARCH_PATHS = (
					"$(inherited)",
					"@executable_path/Frameworks",
				);
				MARKETING_VERSION = 1.4.3;
				PRODUCT_BUNDLE_IDENTIFIER = eu.DeltaSiege.KorekushonX;
				PRODUCT_NAME = "$(TARGET_NAME)";
				SWIFT_VERSION = 5.0;
				TARGETED_DEVICE_FAMILY = 1;
			};
			name = Debug;
		};
		127719AB236E2FA1001BF906 /* Release */ = {
			isa = XCBuildConfiguration;
			buildSettings = {
				ALWAYS_EMBED_SWIFT_STANDARD_LIBRARIES = YES;
				ASSETCATALOG_COMPILER_APPICON_NAME = AppIcon;
				CODE_SIGN_ENTITLEMENTS = KorekushonX/KorekushonX.entitlements;
				CODE_SIGN_STYLE = Automatic;
				CURRENT_PROJECT_VERSION = 68;
				DEVELOPMENT_TEAM = AXLC3PQNC8;
				INFOPLIST_FILE = KorekushonX/App/Info.plist;
				IPHONEOS_DEPLOYMENT_TARGET = 12.0;
				LD_RUNPATH_SEARCH_PATHS = (
					"$(inherited)",
					"@executable_path/Frameworks",
				);
				MARKETING_VERSION = 1.4.3;
				PRODUCT_BUNDLE_IDENTIFIER = eu.DeltaSiege.KorekushonX;
				PRODUCT_NAME = "$(TARGET_NAME)";
				SWIFT_VERSION = 5.0;
				TARGETED_DEVICE_FAMILY = 1;
			};
			name = Release;
		};
		12A6BE30250A9B38004B5236 /* Debug */ = {
			isa = XCBuildConfiguration;
			buildSettings = {
				ASSETCATALOG_COMPILER_GLOBAL_ACCENT_COLOR_NAME = AccentColor;
				ASSETCATALOG_COMPILER_WIDGET_BACKGROUND_COLOR_NAME = WidgetBackground;
				CODE_SIGN_STYLE = Automatic;
				CURRENT_PROJECT_VERSION = 68;
				DEVELOPMENT_TEAM = AXLC3PQNC8;
				INFOPLIST_FILE = Widgets/Info.plist;
				IPHONEOS_DEPLOYMENT_TARGET = 14.0;
				LD_RUNPATH_SEARCH_PATHS = (
					"$(inherited)",
					"@executable_path/Frameworks",
					"@executable_path/../../Frameworks",
				);
				MARKETING_VERSION = 1.4.3;
				PRODUCT_BUNDLE_IDENTIFIER = eu.DeltaSiege.KorekushonX.Widgets;
				PRODUCT_NAME = "$(TARGET_NAME)";
				SKIP_INSTALL = YES;
				SWIFT_VERSION = 5.0;
				TARGETED_DEVICE_FAMILY = 1;
			};
			name = Debug;
		};
		12A6BE31250A9B38004B5236 /* Release */ = {
			isa = XCBuildConfiguration;
			buildSettings = {
				ASSETCATALOG_COMPILER_GLOBAL_ACCENT_COLOR_NAME = AccentColor;
				ASSETCATALOG_COMPILER_WIDGET_BACKGROUND_COLOR_NAME = WidgetBackground;
				CODE_SIGN_STYLE = Automatic;
				CURRENT_PROJECT_VERSION = 68;
				DEVELOPMENT_TEAM = AXLC3PQNC8;
				INFOPLIST_FILE = Widgets/Info.plist;
				IPHONEOS_DEPLOYMENT_TARGET = 14.0;
				LD_RUNPATH_SEARCH_PATHS = (
					"$(inherited)",
					"@executable_path/Frameworks",
					"@executable_path/../../Frameworks",
				);
				MARKETING_VERSION = 1.4.3;
				PRODUCT_BUNDLE_IDENTIFIER = eu.DeltaSiege.KorekushonX.Widgets;
				PRODUCT_NAME = "$(TARGET_NAME)";
				SKIP_INSTALL = YES;
				SWIFT_VERSION = 5.0;
				TARGETED_DEVICE_FAMILY = 1;
			};
			name = Release;
		};
/* End XCBuildConfiguration section */

/* Begin XCConfigurationList section */
		12771990236E2FA0001BF906 /* Build configuration list for PBXProject "KorekushonX" */ = {
			isa = XCConfigurationList;
			buildConfigurations = (
				127719A7236E2FA1001BF906 /* Debug */,
				127719A8236E2FA1001BF906 /* Release */,
			);
			defaultConfigurationIsVisible = 0;
			defaultConfigurationName = Release;
		};
		127719A9236E2FA1001BF906 /* Build configuration list for PBXNativeTarget "KorekushonX" */ = {
			isa = XCConfigurationList;
			buildConfigurations = (
				127719AA236E2FA1001BF906 /* Debug */,
				127719AB236E2FA1001BF906 /* Release */,
			);
			defaultConfigurationIsVisible = 0;
			defaultConfigurationName = Release;
		};
		12A6BE32250A9B38004B5236 /* Build configuration list for PBXNativeTarget "WidgetsExtension" */ = {
			isa = XCConfigurationList;
			buildConfigurations = (
				12A6BE30250A9B38004B5236 /* Debug */,
				12A6BE31250A9B38004B5236 /* Release */,
			);
			defaultConfigurationIsVisible = 0;
			defaultConfigurationName = Release;
		};
/* End XCConfigurationList section */

/* Begin XCRemoteSwiftPackageReference section */
		12412CCB25262C0B001BDC68 /* XCRemoteSwiftPackageReference "ExpandedTabBar" */ = {
			isa = XCRemoteSwiftPackageReference;
			repositoryURL = "https://github.com/yervandsar/ExpandedTabBar";
			requirement = {
				branch = master;
				kind = branch;
			};
		};
		125E250E2370430400EAFCF2 /* XCRemoteSwiftPackageReference "IQKeyboardManager" */ = {
			isa = XCRemoteSwiftPackageReference;
			repositoryURL = "https://github.com/hackiftekhar/IQKeyboardManager.git";
			requirement = {
				branch = master;
				kind = branch;
			};
		};
		12E3837124E893E300B58BD8 /* XCRemoteSwiftPackageReference "Sheeeeeeeeet" */ = {
			isa = XCRemoteSwiftPackageReference;
			repositoryURL = "https://github.com/danielsaidi/Sheeeeeeeeet.git";
			requirement = {
				branch = master;
				kind = branch;
			};
		};
/* End XCRemoteSwiftPackageReference section */

/* Begin XCSwiftPackageProductDependency section */
		12412CCC25262C0B001BDC68 /* ExpandedTabBar */ = {
			isa = XCSwiftPackageProductDependency;
			package = 12412CCB25262C0B001BDC68 /* XCRemoteSwiftPackageReference "ExpandedTabBar" */;
			productName = ExpandedTabBar;
		};
		125E250F2370430400EAFCF2 /* IQKeyboardManagerSwift */ = {
			isa = XCSwiftPackageProductDependency;
			package = 125E250E2370430400EAFCF2 /* XCRemoteSwiftPackageReference "IQKeyboardManager" */;
			productName = IQKeyboardManagerSwift;
		};
		12E3837224E893E300B58BD8 /* Sheeeeeeeeet */ = {
			isa = XCSwiftPackageProductDependency;
			package = 12E3837124E893E300B58BD8 /* XCRemoteSwiftPackageReference "Sheeeeeeeeet" */;
			productName = Sheeeeeeeeet;
		};
/* End XCSwiftPackageProductDependency section */
	};
	rootObject = 1277198D236E2FA0001BF906 /* Project object */;
}
