{
  "object": {
    "pins": [
      {
        "package": "IQKeyboardManagerSwift",
        "repositoryURL": "https://github.com/hackiftekhar/IQKeyboardManager.git",
        "state": {
          "branch": "master",
          "revision": "4dc6bc7d1c9747bd0c261c8c055903f9fdef91f7",
          "version": null
        }
      },
      {
        "package": "Sheeeeeeeeet",
        "repositoryURL": "https://github.com/danielsaidi/Sheeeeeeeeet.git",
        "state": {
          "branch": "master",
          "revision": "c9f6822aec26f1349a24394d402d33b9b6e02da8",
          "version": null
        }
      }
    ]
  },
  "version": 1
}
